
Microsoft Visual Studio Solution File, Format Version 12.00
# Visual Studio 15
VisualStudioVersion = 15.0.27703.2026
MinimumVisualStudioVersion = 10.0.40219.1
Project("{FAE04EC0-301F-11D3-BF4B-00C04F79EFBC}") = "FootballWorldCupScoreBoardLib", "FootballWorldCupScoreBoardLib\FootballWorldCupScoreBoardLib.csproj", "{9A519F55-0173-451F-A7EC-1B34B919D0BD}"
EndProject
Project("{FAE04EC0-301F-11D3-BF4B-00C04F79EFBC}") = "FootballWorldCupScoreBoardLib.Tests", "FootballWorldCupScoreBoardLib.Tests\FootballWorldCupScoreBoardLib.Tests.csproj", "{87D1A85D-5C8A-4545-8299-790D89B6BE75}"
EndProject
Global
	GlobalSection(SolutionConfigurationPlatforms) = preSolution
		Debug|Any CPU = Debug|Any CPU
		Release|Any CPU = Release|Any CPU
	EndGlobalSection
	GlobalSection(ProjectConfigurationPlatforms) = postSolution
		{9A519F55-0173-451F-A7EC-1B34B919D0BD}.Debug|Any CPU.ActiveCfg = Debug|Any CPU
		{9A519F55-0173-451F-A7EC-1B34B919D0BD}.Debug|Any CPU.Build.0 = Debug|Any CPU
		{9A519F55-0173-451F-A7EC-1B34B919D0BD}.Release|Any CPU.ActiveCfg = Release|Any CPU
		{9A519F55-0173-451F-A7EC-1B34B919D0BD}.Release|Any CPU.Build.0 = Release|Any CPU
		{87D1A85D-5C8A-4545-8299-790D89B6BE75}.Debug|Any CPU.ActiveCfg = Debug|Any CPU
		{87D1A85D-5C8A-4545-8299-790D89B6BE75}.Debug|Any CPU.Build.0 = Debug|Any CPU
		{87D1A85D-5C8A-4545-8299-790D89B6BE75}.Release|Any CPU.ActiveCfg = Release|Any CPU
		{87D1A85D-5C8A-4545-8299-790D89B6BE75}.Release|Any CPU.Build.0 = Release|Any CPU
	EndGlobalSection
	GlobalSection(SolutionProperties) = preSolution
		HideSolutionNode = FALSE
	EndGlobalSection
	GlobalSection(ExtensibilityGlobals) = postSolution
		SolutionGuid = {7C041715-5B90-4EFB-A7E4-8C41D3CE2528}
	EndGlobalSection
EndGlobal
